# This file is automatically @generated by Poetry 2.0.1 and should not be changed by hand.

[[package]]
name = "pygnuplot"
version = "0.12.3"
description = "Python Gnuplot wrapper"
optional = false
python-versions = "*"
groups = ["main"]
files = [
    {file = "PyGnuplot-0.12.3-py3-none-any.whl", hash = "sha256:059b58421436b77512be2c1bb13b9423bce0f48f0107e11444e0fccba3dc6787"},
    {file = "PyGnuplot-0.12.3.tar.gz", hash = "sha256:a39be2599a4a13da85fcc62b600fc2c0c7d8f50301b6e3faf417fbdb5060484c"},
]

[metadata]
lock-version = "2.1"
python-versions = ">=3.12"
content-hash = "e805ffc7cdb66eac0a4e1d01f8b5b50df46aba278b83323c51c9a1fafc830a9b"
